# This file is automatically @generated by Poetry 2.1.4 and should not be changed by hand.

[[package]]
name = "pycairo"
version = "1.29.0"
description = "Python interface for cairo"
optional = false
python-versions = ">=3.10"
groups = ["main"]
files = [
    {file = "pycairo-1.29.0-cp310-cp310-win32.whl", hash = "sha256:96c67e6caba72afd285c2372806a0175b1aa2f4537aa88fb4d9802d726effcd1"},
    {file = "pycairo-1.29.0-cp310-cp310-win_amd64.whl", hash = "sha256:65bddd944aee9f7d7d72821b1c87e97593856617c2820a78d589d66aa8afbd08"},
    {file = "pycairo-1.29.0-cp310-cp310-win_arm64.whl", hash = "sha256:15b36aea699e2ff215cb6a21501223246032e572a3a10858366acdd69c81a1c8"},
    {file = "pycairo-1.29.0-cp311-cp311-win32.whl", hash = "sha256:12757ebfb304b645861283c20585c9204c3430671fad925419cba04844d6dfed"},
    {file = "pycairo-1.29.0-cp311-cp311-win_amd64.whl", hash = "sha256:3391532db03f9601c1cee9ebfa15b7d1db183c6020f3e75c1348cee16825934f"},
    {file = "pycairo-1.29.0-cp311-cp311-win_arm64.whl", hash = "sha256:b69be8bb65c46b680771dc6a1a422b1cdd0cffb17be548f223e8cbbb6205567c"},
    {file = "pycairo-1.29.0-cp312-cp312-win32.whl", hash = "sha256:91bcd7b5835764c616a615d9948a9afea29237b34d2ed013526807c3d79bb1d0"},
    {file = "pycairo-1.29.0-cp312-cp312-win_amd64.whl", hash = "sha256:3f01c3b5e49ef9411fff6bc7db1e765f542dc1c9cfed4542958a5afa3a8b8e76"},
    {file = "pycairo-1.29.0-cp312-cp312-win_arm64.whl", hash = "sha256:eafe3d2076f3533535ad4a361fa0754e0ee66b90e548a3a0f558fed00b1248f2"},
    {file = "pycairo-1.29.0-cp313-cp313-win32.whl", hash = "sha256:3eb382a4141591807073274522f7aecab9e8fa2f14feafd11ac03a13a58141d7"},
    {file = "pycairo-1.29.0-cp313-cp313-win_amd64.whl", hash = "sha256:91114e4b3fbf4287c2b0788f83e1f566ce031bda49cf1c3c3c19c3e986e95c38"},
    {file = "pycairo-1.29.0-cp313-cp313-win_arm64.whl", hash = "sha256:09b7f69a5ff6881e151354ea092137b97b0b1f0b2ab4eb81c92a02cc4a08e335"},
    {file = "pycairo-1.29.0-cp314-cp314-win32.whl", hash = "sha256:69e2a7968a3fbb839736257bae153f547bca787113cc8d21e9e08ca4526e0b6b"},
    {file = "pycairo-1.29.0-cp314-cp314-win_amd64.whl", hash = "sha256:e91243437a21cc4c67c401eff4433eadc45745275fa3ade1a0d877e50ffb90da"},
    {file = "pycairo-1.29.0-cp314-cp314-win_arm64.whl", hash = "sha256:b72200ea0e5f73ae4c788cd2028a750062221385eb0e6d8f1ecc714d0b4fdf82"},
    {file = "pycairo-1.29.0-cp314-cp314t-win_amd64.whl", hash = "sha256:5e45fce6185f553e79e4ef1722b8e98e6cde9900dbc48cb2637a9ccba86f627a"},
    {file = "pycairo-1.29.0-cp314-cp314t-win_arm64.whl", hash = "sha256:caba0837a4b40d47c8dfb0f24cccc12c7831e3dd450837f2a356c75f21ce5a15"},
    {file = "pycairo-1.29.0.tar.gz", hash = "sha256:f3f7fde97325cae80224c09f12564ef58d0d0f655da0e3b040f5807bd5bd3142"},
]

[[package]]
name = "pygobject"
version = "3.56.0"
description = "Python bindings for GObject Introspection"
optional = false
python-versions = ">=3.10"
groups = ["main"]
files = [
    {file = "pygobject-3.56.0.tar.gz", hash = "sha256:4fbb5bf47524e01026f8e309dd54233eb0f75f2281392c5bf0df5d9041cc7891"},
]

[package.dependencies]
pycairo = ">=1.16"

[[package]]
name = "pyscard"
version = "2.3.1"
description = "Smartcard module for Python."
optional = false
python-versions = ">=3.9"
groups = ["main"]
files = [
    {file = "pyscard-2.3.1-cp310-cp310-macosx_10_9_universal2.whl", hash = "sha256:5bd277142644441cba8fe71bc991fe83108147f3ba22c01e8b9a5a3f41a31f69"},
    {file = "pyscard-2.3.1-cp310-cp310-win32.whl", hash = "sha256:717ea958ee77d7d4514ff0a6eb238082f9437e7882479ee6f742bb9db54419d4"},
    {file = "pyscard-2.3.1-cp310-cp310-win_amd64.whl", hash = "sha256:91b27548eddcd6c21f115d5e6151ced9b348aae989b0e4fcc1ad4c479e61610c"},
    {file = "pyscard-2.3.1-cp311-cp311-macosx_10_9_universal2.whl", hash = "sha256:341eca9151318093d5543fa812736546de19020d214e01aff9bbc231d1429949"},
    {file = "pyscard-2.3.1-cp311-cp311-win32.whl", hash = "sha256:be78734964621b59f8b63c90b822169dc804571df57f574733ccf585a31769af"},
    {file = "pyscard-2.3.1-cp311-cp311-win_amd64.whl", hash = "sha256:52da45a3becfb6807dcd9427d763aeb154c9c9e9ad324a13a2bf322fa31baca5"},
    {file = "pyscard-2.3.1-cp311-cp311-win_arm64.whl", hash = "sha256:e228c78e028b74e5411a604c765852bdc8fd04321f03e62d25cad8e90de27597"},
    {file = "pyscard-2.3.1-cp312-cp312-macosx_10_13_universal2.whl", hash = "sha256:acb9f4842cb08110d916e7e37ef225c755a1da627017364c55df547b6f187dcf"},
    {file = "pyscard-2.3.1-cp312-cp312-macosx_15_0_x86_64.whl", hash = "sha256:abf5091d5067ac4945eb2a283b60bddce7530595e585868449da12d3b9e885ee"},
    {file = "pyscard-2.3.1-cp312-cp312-win32.whl", hash = "sha256:c5d9fde122ffd41a74af72364166e8b23760230163e20c4c130aa0616bf4a786"},
    {file = "pyscard-2.3.1-cp312-cp312-win_amd64.whl", hash = "sha256:561889413866141b3a44099f043d10344ee64b0604d2fecb275975b54aa584c6"},
    {file = "pyscard-2.3.1-cp312-cp312-win_arm64.whl", hash = "sha256:06ae5e5421a5dd380e8c80046b4242e7b98ed381247117f4cf2c1c8328f74bce"},
    {file = "pyscard-2.3.1-cp313-cp313-macosx_10_13_universal2.whl", hash = "sha256:c11a596407e18cdcf16a4ccd8cdeaa55846d4f7ec2eefc529483e201f6906658"},
    {file = "pyscard-2.3.1-cp313-cp313-macosx_15_0_x86_64.whl", hash = "sha256:72b1ab922fad5e050144ec72762e36741271b09d2389cda9b976b61ee0564e71"},
    {file = "pyscard-2.3.1-cp313-cp313-win32.whl", hash = "sha256:a0b59d1961ff9fb15d980ad64edae13e4512b7e641ea8959e86133f34091aa5c"},
    {file = "pyscard-2.3.1-cp313-cp313-win_amd64.whl", hash = "sha256:df2b256bc719b701807114bdd179f7b303f309a954d5689188b088adfc33ead2"},
    {file = "pyscard-2.3.1-cp313-cp313-win_arm64.whl", hash = "sha256:f58b46cd78455a29a0abceabff21b37da81a385a737b29e6dd5e25acb7e3f3da"},
    {file = "pyscard-2.3.1-cp39-cp39-macosx_10_9_universal2.whl", hash = "sha256:a36bab071c6f4b1d74a8778a784ccf3cc04bf35a6c677bce15e70fdbeac5b932"},
    {file = "pyscard-2.3.1.tar.gz", hash = "sha256:a24356f57a0a950740b6e54f51f819edd5296ee8892a6625b0da04724e9e6c13"},
]

[package.extras]
gui = ["wxPython"]

[metadata]
lock-version = "2.1"
python-versions = ">=3.14"
content-hash = "75d2be64bb60fe80849d82a510901f79bb1fa9627e4c9b6179dc2d212b906f84"
